Microsoft Visual Studio Solution File, Format Version 11.00
# Visual Studio 2008

Project("{2ADEDBBA-FE77-9F86-8E03-CF3FE558B5F6}") = "DeskWars", "Assembly-CSharp.csproj", "{28C13E81-81B4-3CA5-5BE0-4700EBB0CF04}"
EndProject
Project("{2ADEDBBA-FE77-9F86-8E03-CF3FE558B5F6}") = "DeskWars", "Assembly-CSharp-Editor.csproj", "{F78B367F-05E9-6BEC-99AA-A4CCA2D22E12}"
EndProject
Project("{2ADEDBBA-FE77-9F86-8E03-CF3FE558B5F6}") = "DeskWars", "Assembly-UnityScript-Editor-firstpass.unityproj", "{F6234A8C-1436-7E53-61AE-0AC5CE07D543}"
EndProject
Global
	GlobalSection(SolutionConfigurationPlatforms) = preSolution
		Debug|Any CPU = Debug|Any CPU
		Release|Any CPU = Release|Any CPU
	EndGlobalSection
	GlobalSection(ProjectConfigurationPlatforms) = postSolution
		{28C13E81-81B4-3CA5-5BE0-4700EBB0CF04}.Debug|Any CPU.ActiveCfg = Debug|Any CPU
		{28C13E81-81B4-3CA5-5BE0-4700EBB0CF04}.Debug|Any CPU.Build.0 = Debug|Any CPU
		{28C13E81-81B4-3CA5-5BE0-4700EBB0CF04}.Release|Any CPU.ActiveCfg = Release|Any CPU
		{28C13E81-81B4-3CA5-5BE0-4700EBB0CF04}.Release|Any CPU.Build.0 = Release|Any CPU
		{F78B367F-05E9-6BEC-99AA-A4CCA2D22E12}.Debug|Any CPU.ActiveCfg = Debug|Any CPU
		{F78B367F-05E9-6BEC-99AA-A4CCA2D22E12}.Debug|Any CPU.Build.0 = Debug|Any CPU
		{F78B367F-05E9-6BEC-99AA-A4CCA2D22E12}.Release|Any CPU.ActiveCfg = Release|Any CPU
		{F78B367F-05E9-6BEC-99AA-A4CCA2D22E12}.Release|Any CPU.Build.0 = Release|Any CPU
		{F6234A8C-1436-7E53-61AE-0AC5CE07D543}.Debug|Any CPU.ActiveCfg = Debug|Any CPU
		{F6234A8C-1436-7E53-61AE-0AC5CE07D543}.Debug|Any CPU.Build.0 = Debug|Any CPU
		{F6234A8C-1436-7E53-61AE-0AC5CE07D543}.Release|Any CPU.ActiveCfg = Release|Any CPU
		{F6234A8C-1436-7E53-61AE-0AC5CE07D543}.Release|Any CPU.Build.0 = Release|Any CPU
	EndGlobalSection
	GlobalSection(SolutionProperties) = preSolution
		HideSolutionNode = FALSE
	EndGlobalSection
																																												GlobalSection(MonoDevelopProperties) = preSolution
		StartupItem = Assembly-CSharp.csproj
		Policies = $0
		$0.TextStylePolicy = $1
		$1.inheritsSet = null
		$1.scope = text/x-csharp
		$0.CSharpFormattingPolicy = $2
		$2.inheritsSet = Mono
		$2.inheritsScope = text/x-csharp
		$2.scope = text/x-csharp
		$0.TextStylePolicy = $3
		$3.FileWidth = 120
		$3.TabWidth = 4
		$3.IndentWidth = 4
		$3.EolMarker = Unix
		$3.inheritsSet = Mono
		$3.inheritsScope = text/plain
		$3.scope = text/plain
	EndGlobalSection

EndGlobal
